
Microsoft Visual Studio Solution File, Format Version 12.00
# Visual Studio 15
VisualStudioVersion = 15.0.26430.6
MinimumVisualStudioVersion = 10.0.40219.1
Project("{FAE04EC0-301F-11D3-BF4B-00C04F79EFBC}") = "HearthSim.Core", "HearthSim.Core\HearthSim.Core.csproj", "{37F057D2-3E20-4571-9DB3-883541DD4E24}"
EndProject
Project("{FAE04EC0-301F-11D3-BF4B-00C04F79EFBC}") = "HearthSim.Core.Test", "HearthSim.Core.Test\HearthSim.Core.Test.csproj", "{BD8ECB10-E6C9-4BCF-8286-A13F7A45FEA6}"
EndProject
Project("{FAE04EC0-301F-11D3-BF4B-00C04F79EFBC}") = "DemoApp", "DemoApp\DemoApp.csproj", "{52E157C2-4312-4EF3-B7A5-458BD2E8DF50}"
EndProject
Project("{FAE04EC0-301F-11D3-BF4B-00C04F79EFBC}") = "HearthDb", "HearthDb\HearthDb\HearthDb.csproj", "{7ED14243-E02B-4B94-AF00-A67A62C282F0}"
EndProject
Project("{FAE04EC0-301F-11D3-BF4B-00C04F79EFBC}") = "HearthMirror", "HearthMirror\HearthMirror\HearthMirror.csproj", "{1694A2F8-645A-4263-A6AB-FC26323FD675}"
EndProject
Global
	GlobalSection(SolutionConfigurationPlatforms) = preSolution
		Debug|Any CPU = Debug|Any CPU
		Debug|x86 = Debug|x86
		Release|Any CPU = Release|Any CPU
		Release|x86 = Release|x86
	EndGlobalSection
	GlobalSection(ProjectConfigurationPlatforms) = postSolution
		{37F057D2-3E20-4571-9DB3-883541DD4E24}.Debug|Any CPU.ActiveCfg = Debug|Any CPU
		{37F057D2-3E20-4571-9DB3-883541DD4E24}.Debug|Any CPU.Build.0 = Debug|Any CPU
		{37F057D2-3E20-4571-9DB3-883541DD4E24}.Debug|x86.ActiveCfg = Debug|Any CPU
		{37F057D2-3E20-4571-9DB3-883541DD4E24}.Debug|x86.Build.0 = Debug|Any CPU
		{37F057D2-3E20-4571-9DB3-883541DD4E24}.Release|Any CPU.ActiveCfg = Release|Any CPU
		{37F057D2-3E20-4571-9DB3-883541DD4E24}.Release|Any CPU.Build.0 = Release|Any CPU
		{37F057D2-3E20-4571-9DB3-883541DD4E24}.Release|x86.ActiveCfg = Release|Any CPU
		{37F057D2-3E20-4571-9DB3-883541DD4E24}.Release|x86.Build.0 = Release|Any CPU
		{BD8ECB10-E6C9-4BCF-8286-A13F7A45FEA6}.Debug|Any CPU.ActiveCfg = Debug|Any CPU
		{BD8ECB10-E6C9-4BCF-8286-A13F7A45FEA6}.Debug|Any CPU.Build.0 = Debug|Any CPU
		{BD8ECB10-E6C9-4BCF-8286-A13F7A45FEA6}.Debug|x86.ActiveCfg = Debug|Any CPU
		{BD8ECB10-E6C9-4BCF-8286-A13F7A45FEA6}.Debug|x86.Build.0 = Debug|Any CPU
		{BD8ECB10-E6C9-4BCF-8286-A13F7A45FEA6}.Release|Any CPU.ActiveCfg = Release|Any CPU
		{BD8ECB10-E6C9-4BCF-8286-A13F7A45FEA6}.Release|Any CPU.Build.0 = Release|Any CPU
		{BD8ECB10-E6C9-4BCF-8286-A13F7A45FEA6}.Release|x86.ActiveCfg = Release|Any CPU
		{BD8ECB10-E6C9-4BCF-8286-A13F7A45FEA6}.Release|x86.Build.0 = Release|Any CPU
		{52E157C2-4312-4EF3-B7A5-458BD2E8DF50}.Debug|Any CPU.ActiveCfg = Debug|Any CPU
		{52E157C2-4312-4EF3-B7A5-458BD2E8DF50}.Debug|Any CPU.Build.0 = Debug|Any CPU
		{52E157C2-4312-4EF3-B7A5-458BD2E8DF50}.Debug|x86.ActiveCfg = Debug|Any CPU
		{52E157C2-4312-4EF3-B7A5-458BD2E8DF50}.Debug|x86.Build.0 = Debug|Any CPU
		{52E157C2-4312-4EF3-B7A5-458BD2E8DF50}.Release|Any CPU.ActiveCfg = Release|Any CPU
		{52E157C2-4312-4EF3-B7A5-458BD2E8DF50}.Release|Any CPU.Build.0 = Release|Any CPU
		{52E157C2-4312-4EF3-B7A5-458BD2E8DF50}.Release|x86.ActiveCfg = Release|Any CPU
		{52E157C2-4312-4EF3-B7A5-458BD2E8DF50}.Release|x86.Build.0 = Release|Any CPU
		{7ED14243-E02B-4B94-AF00-A67A62C282F0}.Debug|Any CPU.ActiveCfg = Debug|Any CPU
		{7ED14243-E02B-4B94-AF00-A67A62C282F0}.Debug|Any CPU.Build.0 = Debug|Any CPU
		{7ED14243-E02B-4B94-AF00-A67A62C282F0}.Debug|x86.ActiveCfg = Debug|x86
		{7ED14243-E02B-4B94-AF00-A67A62C282F0}.Debug|x86.Build.0 = Debug|x86
		{7ED14243-E02B-4B94-AF00-A67A62C282F0}.Release|Any CPU.ActiveCfg = Release|Any CPU
		{7ED14243-E02B-4B94-AF00-A67A62C282F0}.Release|Any CPU.Build.0 = Release|Any CPU
		{7ED14243-E02B-4B94-AF00-A67A62C282F0}.Release|x86.ActiveCfg = Release|x86
		{7ED14243-E02B-4B94-AF00-A67A62C282F0}.Release|x86.Build.0 = Release|x86
		{1694A2F8-645A-4263-A6AB-FC26323FD675}.Debug|Any CPU.ActiveCfg = Debug|Any CPU
		{1694A2F8-645A-4263-A6AB-FC26323FD675}.Debug|Any CPU.Build.0 = Debug|Any CPU
		{1694A2F8-645A-4263-A6AB-FC26323FD675}.Debug|x86.ActiveCfg = Debug|x86
		{1694A2F8-645A-4263-A6AB-FC26323FD675}.Debug|x86.Build.0 = Debug|x86
		{1694A2F8-645A-4263-A6AB-FC26323FD675}.Release|Any CPU.ActiveCfg = Release|Any CPU
		{1694A2F8-645A-4263-A6AB-FC26323FD675}.Release|Any CPU.Build.0 = Release|Any CPU
		{1694A2F8-645A-4263-A6AB-FC26323FD675}.Release|x86.ActiveCfg = Release|x86
		{1694A2F8-645A-4263-A6AB-FC26323FD675}.Release|x86.Build.0 = Release|x86
	EndGlobalSection
	GlobalSection(SolutionProperties) = preSolution
		HideSolutionNode = FALSE
	EndGlobalSection
EndGlobal
